
Microsoft Visual Studio Solution File, Format Version 12.00
# Visual Studio 15
VisualStudioVersion = 15.0.26730.15
MinimumVisualStudioVersion = 10.0.40219.1
Project("{2150E333-8FDC-42A3-9474-1A3956D46DE8}") = "src", "src", "{AFD8E592-8E24-4442-98E6-E105850659CE}"
EndProject
Project("{2150E333-8FDC-42A3-9474-1A3956D46DE8}") = "samples", "samples", "{B8943705-69CD-4A40-9DB4-EBCE30BC7478}"
EndProject
Project("{2150E333-8FDC-42A3-9474-1A3956D46DE8}") = "tests", "tests", "{1A2A4CA1-5FC7-48F5-B019-3415E9042ECA}"
EndProject
Project("{9A19103F-16F7-4668-BE54-9A1E7A4F7556}") = "Astral.Schema", "src\Astral.Schema\Astral.Schema.csproj", "{96B5E334-0B60-4A83-AB7C-778A96CBAB55}"
EndProject
Project("{9A19103F-16F7-4668-BE54-9A1E7A4F7556}") = "SchemaTests", "tests\SchemaTests\SchemaTests.csproj", "{654D90F5-7966-4B0A-937F-17DF5A6E786E}"
EndProject
Project("{FAE04EC0-301F-11D3-BF4B-00C04F79EFBC}") = "Astral.Markup", "src\Astral.Markup\Astral.Markup.csproj", "{18B33233-D7D3-440E-97FB-360E0C413546}"
EndProject
Project("{FAE04EC0-301F-11D3-BF4B-00C04F79EFBC}") = "Astral", "src\Astral\Astral.csproj", "{9E02617C-4A5E-444E-9A54-0929CF3A8B96}"
EndProject
Project("{FAE04EC0-301F-11D3-BF4B-00C04F79EFBC}") = "SampleServices", "samples\SampleServices\SampleServices.csproj", "{EE8E0BD7-D576-4D5F-AA57-8C2ACC11E572}"
EndProject
Project("{FAE04EC0-301F-11D3-BF4B-00C04F79EFBC}") = "Atral.Fun", "src\Astral.Fun\Astral.Fun.csproj", "{41AC75D6-C7FA-41B2-A1E1-E639D4DA5960}"
EndProject
Project("{FAE04EC0-301F-11D3-BF4B-00C04F79EFBC}") = "RabbitLink.Services", "src\RabbitLink.Services\RabbitLink.Services.csproj", "{34AC85A2-1BFC-465C-BC5C-437DA2B3D9D3}"
EndProject
Project("{FAE04EC0-301F-11D3-BF4B-00C04F79EFBC}") = "RabbitLink.Services.Astral", "src\RabbitLink.Services.Astral\RabbitLink.Services.Astral.csproj", "{1BB44FAE-9919-4356-BB73-8688BD4F548C}"
EndProject
Project("{FAE04EC0-301F-11D3-BF4B-00C04F79EFBC}") = "SampleApp", "samples\SampleApp\SampleApp.csproj", "{2A9EB2D5-75AA-4F45-BB91-C39210935551}"
EndProject
Project("{FAE04EC0-301F-11D3-BF4B-00C04F79EFBC}") = "Astral.Contracts", "src\Astral.Contracts\Astral.Contracts.csproj", "{5C7ECA94-72E9-4C01-8DD9-92A2DDDF3467}"
EndProject
Project("{FAE04EC0-301F-11D3-BF4B-00C04F79EFBC}") = "Astral.Payloads", "src\Astral.Payloads\Astral.Payloads.csproj", "{B5C2ACED-581E-49B8-BD3F-7D30C95C5FBF}"
EndProject
Project("{FAE04EC0-301F-11D3-BF4B-00C04F79EFBC}") = "Astral.Core", "src\Astral.Core\Astral.Core.csproj", "{815AEA3C-DBEB-4EC9-8FA0-C6DE892DACED}"
EndProject
Global
	GlobalSection(SolutionConfigurationPlatforms) = preSolution
		Debug|Any CPU = Debug|Any CPU
		Release|Any CPU = Release|Any CPU
	EndGlobalSection
	GlobalSection(ProjectConfigurationPlatforms) = postSolution
		{96B5E334-0B60-4A83-AB7C-778A96CBAB55}.Debug|Any CPU.ActiveCfg = Debug|Any CPU
		{96B5E334-0B60-4A83-AB7C-778A96CBAB55}.Debug|Any CPU.Build.0 = Debug|Any CPU
		{96B5E334-0B60-4A83-AB7C-778A96CBAB55}.Release|Any CPU.ActiveCfg = Release|Any CPU
		{96B5E334-0B60-4A83-AB7C-778A96CBAB55}.Release|Any CPU.Build.0 = Release|Any CPU
		{654D90F5-7966-4B0A-937F-17DF5A6E786E}.Debug|Any CPU.ActiveCfg = Debug|Any CPU
		{654D90F5-7966-4B0A-937F-17DF5A6E786E}.Debug|Any CPU.Build.0 = Debug|Any CPU
		{654D90F5-7966-4B0A-937F-17DF5A6E786E}.Release|Any CPU.ActiveCfg = Release|Any CPU
		{654D90F5-7966-4B0A-937F-17DF5A6E786E}.Release|Any CPU.Build.0 = Release|Any CPU
		{18B33233-D7D3-440E-97FB-360E0C413546}.Debug|Any CPU.ActiveCfg = Debug|Any CPU
		{18B33233-D7D3-440E-97FB-360E0C413546}.Debug|Any CPU.Build.0 = Debug|Any CPU
		{18B33233-D7D3-440E-97FB-360E0C413546}.Release|Any CPU.ActiveCfg = Release|Any CPU
		{18B33233-D7D3-440E-97FB-360E0C413546}.Release|Any CPU.Build.0 = Release|Any CPU
		{9E02617C-4A5E-444E-9A54-0929CF3A8B96}.Debug|Any CPU.ActiveCfg = Debug|Any CPU
		{9E02617C-4A5E-444E-9A54-0929CF3A8B96}.Debug|Any CPU.Build.0 = Debug|Any CPU
		{9E02617C-4A5E-444E-9A54-0929CF3A8B96}.Release|Any CPU.ActiveCfg = Release|Any CPU
		{9E02617C-4A5E-444E-9A54-0929CF3A8B96}.Release|Any CPU.Build.0 = Release|Any CPU
		{EE8E0BD7-D576-4D5F-AA57-8C2ACC11E572}.Debug|Any CPU.ActiveCfg = Debug|Any CPU
		{EE8E0BD7-D576-4D5F-AA57-8C2ACC11E572}.Debug|Any CPU.Build.0 = Debug|Any CPU
		{EE8E0BD7-D576-4D5F-AA57-8C2ACC11E572}.Release|Any CPU.ActiveCfg = Release|Any CPU
		{EE8E0BD7-D576-4D5F-AA57-8C2ACC11E572}.Release|Any CPU.Build.0 = Release|Any CPU
		{41AC75D6-C7FA-41B2-A1E1-E639D4DA5960}.Debug|Any CPU.ActiveCfg = Debug|Any CPU
		{41AC75D6-C7FA-41B2-A1E1-E639D4DA5960}.Debug|Any CPU.Build.0 = Debug|Any CPU
		{41AC75D6-C7FA-41B2-A1E1-E639D4DA5960}.Release|Any CPU.ActiveCfg = Release|Any CPU
		{41AC75D6-C7FA-41B2-A1E1-E639D4DA5960}.Release|Any CPU.Build.0 = Release|Any CPU
		{34AC85A2-1BFC-465C-BC5C-437DA2B3D9D3}.Debug|Any CPU.ActiveCfg = Debug|Any CPU
		{34AC85A2-1BFC-465C-BC5C-437DA2B3D9D3}.Debug|Any CPU.Build.0 = Debug|Any CPU
		{34AC85A2-1BFC-465C-BC5C-437DA2B3D9D3}.Release|Any CPU.ActiveCfg = Release|Any CPU
		{34AC85A2-1BFC-465C-BC5C-437DA2B3D9D3}.Release|Any CPU.Build.0 = Release|Any CPU
		{1BB44FAE-9919-4356-BB73-8688BD4F548C}.Debug|Any CPU.ActiveCfg = Debug|Any CPU
		{1BB44FAE-9919-4356-BB73-8688BD4F548C}.Debug|Any CPU.Build.0 = Debug|Any CPU
		{1BB44FAE-9919-4356-BB73-8688BD4F548C}.Release|Any CPU.ActiveCfg = Release|Any CPU
		{1BB44FAE-9919-4356-BB73-8688BD4F548C}.Release|Any CPU.Build.0 = Release|Any CPU
		{2A9EB2D5-75AA-4F45-BB91-C39210935551}.Debug|Any CPU.ActiveCfg = Debug|Any CPU
		{2A9EB2D5-75AA-4F45-BB91-C39210935551}.Debug|Any CPU.Build.0 = Debug|Any CPU
		{2A9EB2D5-75AA-4F45-BB91-C39210935551}.Release|Any CPU.ActiveCfg = Release|Any CPU
		{2A9EB2D5-75AA-4F45-BB91-C39210935551}.Release|Any CPU.Build.0 = Release|Any CPU
		{5C7ECA94-72E9-4C01-8DD9-92A2DDDF3467}.Debug|Any CPU.ActiveCfg = Debug|Any CPU
		{5C7ECA94-72E9-4C01-8DD9-92A2DDDF3467}.Debug|Any CPU.Build.0 = Debug|Any CPU
		{5C7ECA94-72E9-4C01-8DD9-92A2DDDF3467}.Release|Any CPU.ActiveCfg = Release|Any CPU
		{5C7ECA94-72E9-4C01-8DD9-92A2DDDF3467}.Release|Any CPU.Build.0 = Release|Any CPU
		{B5C2ACED-581E-49B8-BD3F-7D30C95C5FBF}.Debug|Any CPU.ActiveCfg = Debug|Any CPU
		{B5C2ACED-581E-49B8-BD3F-7D30C95C5FBF}.Debug|Any CPU.Build.0 = Debug|Any CPU
		{B5C2ACED-581E-49B8-BD3F-7D30C95C5FBF}.Release|Any CPU.ActiveCfg = Release|Any CPU
		{B5C2ACED-581E-49B8-BD3F-7D30C95C5FBF}.Release|Any CPU.Build.0 = Release|Any CPU
		{815AEA3C-DBEB-4EC9-8FA0-C6DE892DACED}.Debug|Any CPU.ActiveCfg = Debug|Any CPU
		{815AEA3C-DBEB-4EC9-8FA0-C6DE892DACED}.Debug|Any CPU.Build.0 = Debug|Any CPU
		{815AEA3C-DBEB-4EC9-8FA0-C6DE892DACED}.Release|Any CPU.ActiveCfg = Release|Any CPU
		{815AEA3C-DBEB-4EC9-8FA0-C6DE892DACED}.Release|Any CPU.Build.0 = Release|Any CPU
	EndGlobalSection
	GlobalSection(SolutionProperties) = preSolution
		HideSolutionNode = FALSE
	EndGlobalSection
	GlobalSection(NestedProjects) = preSolution
		{96B5E334-0B60-4A83-AB7C-778A96CBAB55} = {AFD8E592-8E24-4442-98E6-E105850659CE}
		{654D90F5-7966-4B0A-937F-17DF5A6E786E} = {1A2A4CA1-5FC7-48F5-B019-3415E9042ECA}
		{18B33233-D7D3-440E-97FB-360E0C413546} = {AFD8E592-8E24-4442-98E6-E105850659CE}
		{9E02617C-4A5E-444E-9A54-0929CF3A8B96} = {AFD8E592-8E24-4442-98E6-E105850659CE}
		{EE8E0BD7-D576-4D5F-AA57-8C2ACC11E572} = {B8943705-69CD-4A40-9DB4-EBCE30BC7478}
		{41AC75D6-C7FA-41B2-A1E1-E639D4DA5960} = {AFD8E592-8E24-4442-98E6-E105850659CE}
		{34AC85A2-1BFC-465C-BC5C-437DA2B3D9D3} = {AFD8E592-8E24-4442-98E6-E105850659CE}
		{1BB44FAE-9919-4356-BB73-8688BD4F548C} = {AFD8E592-8E24-4442-98E6-E105850659CE}
		{2A9EB2D5-75AA-4F45-BB91-C39210935551} = {B8943705-69CD-4A40-9DB4-EBCE30BC7478}
		{5C7ECA94-72E9-4C01-8DD9-92A2DDDF3467} = {AFD8E592-8E24-4442-98E6-E105850659CE}
		{B5C2ACED-581E-49B8-BD3F-7D30C95C5FBF} = {AFD8E592-8E24-4442-98E6-E105850659CE}
		{815AEA3C-DBEB-4EC9-8FA0-C6DE892DACED} = {AFD8E592-8E24-4442-98E6-E105850659CE}
	EndGlobalSection
	GlobalSection(ExtensibilityGlobals) = postSolution
		SolutionGuid = {BBD0CEF3-CBA5-4E52-A5C2-8C2D48A7CFCA}
	EndGlobalSection
EndGlobal
