
Microsoft Visual Studio Solution File, Format Version 12.00
# Visual Studio 15
VisualStudioVersion = 15.0.26730.15
MinimumVisualStudioVersion = 10.0.40219.1
Project("{2150E333-8FDC-42A3-9474-1A3956D46DE8}") = "src", "src", "{AFD8E592-8E24-4442-98E6-E105850659CE}"
EndProject
Project("{2150E333-8FDC-42A3-9474-1A3956D46DE8}") = "samples", "samples", "{B8943705-69CD-4A40-9DB4-EBCE30BC7478}"
EndProject
Project("{2150E333-8FDC-42A3-9474-1A3956D46DE8}") = "tests", "tests", "{1A2A4CA1-5FC7-48F5-B019-3415E9042ECA}"
EndProject
Project("{9A19103F-16F7-4668-BE54-9A1E7A4F7556}") = "Astral.Schema", "src\Astral.Schema\Astral.Schema.csproj", "{96B5E334-0B60-4A83-AB7C-778A96CBAB55}"
EndProject
Project("{9A19103F-16F7-4668-BE54-9A1E7A4F7556}") = "SchemaTests", "tests\SchemaTests\SchemaTests.csproj", "{654D90F5-7966-4B0A-937F-17DF5A6E786E}"
EndProject
Global
	GlobalSection(SolutionConfigurationPlatforms) = preSolution
		Debug|Any CPU = Debug|Any CPU
		Release|Any CPU = Release|Any CPU
	EndGlobalSection
	GlobalSection(ProjectConfigurationPlatforms) = postSolution
		{96B5E334-0B60-4A83-AB7C-778A96CBAB55}.Debug|Any CPU.ActiveCfg = Debug|Any CPU
		{96B5E334-0B60-4A83-AB7C-778A96CBAB55}.Debug|Any CPU.Build.0 = Debug|Any CPU
		{96B5E334-0B60-4A83-AB7C-778A96CBAB55}.Release|Any CPU.ActiveCfg = Release|Any CPU
		{96B5E334-0B60-4A83-AB7C-778A96CBAB55}.Release|Any CPU.Build.0 = Release|Any CPU
		{654D90F5-7966-4B0A-937F-17DF5A6E786E}.Debug|Any CPU.ActiveCfg = Debug|Any CPU
		{654D90F5-7966-4B0A-937F-17DF5A6E786E}.Debug|Any CPU.Build.0 = Debug|Any CPU
		{654D90F5-7966-4B0A-937F-17DF5A6E786E}.Release|Any CPU.ActiveCfg = Release|Any CPU
		{654D90F5-7966-4B0A-937F-17DF5A6E786E}.Release|Any CPU.Build.0 = Release|Any CPU
	EndGlobalSection
	GlobalSection(SolutionProperties) = preSolution
		HideSolutionNode = FALSE
	EndGlobalSection
	GlobalSection(NestedProjects) = preSolution
		{96B5E334-0B60-4A83-AB7C-778A96CBAB55} = {AFD8E592-8E24-4442-98E6-E105850659CE}
		{654D90F5-7966-4B0A-937F-17DF5A6E786E} = {1A2A4CA1-5FC7-48F5-B019-3415E9042ECA}
	EndGlobalSection
	GlobalSection(ExtensibilityGlobals) = postSolution
		SolutionGuid = {BBD0CEF3-CBA5-4E52-A5C2-8C2D48A7CFCA}
	EndGlobalSection
EndGlobal
