
Microsoft Visual Studio Solution File, Format Version 12.00
# Visual Studio 15
VisualStudioVersion = 15.0.26730.12
MinimumVisualStudioVersion = 10.0.40219.1
Project("{2150E333-8FDC-42A3-9474-1A3956D46DE8}") = "src", "src", "{AFD8E592-8E24-4442-98E6-E105850659CE}"
EndProject
Project("{9A19103F-16F7-4668-BE54-9A1E7A4F7556}") = "Astral.Core", "src\Astral.Core\Astral.Core.csproj", "{1E185776-4735-45DE-91D3-5C7598F3163E}"
EndProject
Project("{9A19103F-16F7-4668-BE54-9A1E7A4F7556}") = "Lawium", "src\Lawium\Lawium.csproj", "{C476AD2F-5A76-44A4-B40C-507BF1A216E5}"
EndProject
Project("{2150E333-8FDC-42A3-9474-1A3956D46DE8}") = "samples", "samples", "{B8943705-69CD-4A40-9DB4-EBCE30BC7478}"
EndProject
Project("{9A19103F-16F7-4668-BE54-9A1E7A4F7556}") = "SampleService", "samples\SampleService\SampleService.csproj", "{96A70A65-6EA7-448F-AF51-620BB9145F67}"
EndProject
Project("{9A19103F-16F7-4668-BE54-9A1E7A4F7556}") = "SampleApp", "samples\SampleApp\SampleApp.csproj", "{0441EC2C-04DF-4532-A2EC-35A92D955B9A}"
EndProject
Project("{9A19103F-16F7-4668-BE54-9A1E7A4F7556}") = "Astral", "src\Astral\Astral.csproj", "{7875A996-54B0-473A-AFB6-893EF2B02463}"
EndProject
Global
	GlobalSection(SolutionConfigurationPlatforms) = preSolution
		Debug|Any CPU = Debug|Any CPU
		Release|Any CPU = Release|Any CPU
	EndGlobalSection
	GlobalSection(ProjectConfigurationPlatforms) = postSolution
		{1E185776-4735-45DE-91D3-5C7598F3163E}.Debug|Any CPU.ActiveCfg = Debug|Any CPU
		{1E185776-4735-45DE-91D3-5C7598F3163E}.Debug|Any CPU.Build.0 = Debug|Any CPU
		{1E185776-4735-45DE-91D3-5C7598F3163E}.Release|Any CPU.ActiveCfg = Release|Any CPU
		{1E185776-4735-45DE-91D3-5C7598F3163E}.Release|Any CPU.Build.0 = Release|Any CPU
		{C476AD2F-5A76-44A4-B40C-507BF1A216E5}.Debug|Any CPU.ActiveCfg = Debug|Any CPU
		{C476AD2F-5A76-44A4-B40C-507BF1A216E5}.Debug|Any CPU.Build.0 = Debug|Any CPU
		{C476AD2F-5A76-44A4-B40C-507BF1A216E5}.Release|Any CPU.ActiveCfg = Release|Any CPU
		{C476AD2F-5A76-44A4-B40C-507BF1A216E5}.Release|Any CPU.Build.0 = Release|Any CPU
		{96A70A65-6EA7-448F-AF51-620BB9145F67}.Debug|Any CPU.ActiveCfg = Debug|Any CPU
		{96A70A65-6EA7-448F-AF51-620BB9145F67}.Debug|Any CPU.Build.0 = Debug|Any CPU
		{96A70A65-6EA7-448F-AF51-620BB9145F67}.Release|Any CPU.ActiveCfg = Release|Any CPU
		{96A70A65-6EA7-448F-AF51-620BB9145F67}.Release|Any CPU.Build.0 = Release|Any CPU
		{0441EC2C-04DF-4532-A2EC-35A92D955B9A}.Debug|Any CPU.ActiveCfg = Debug|Any CPU
		{0441EC2C-04DF-4532-A2EC-35A92D955B9A}.Debug|Any CPU.Build.0 = Debug|Any CPU
		{0441EC2C-04DF-4532-A2EC-35A92D955B9A}.Release|Any CPU.ActiveCfg = Release|Any CPU
		{0441EC2C-04DF-4532-A2EC-35A92D955B9A}.Release|Any CPU.Build.0 = Release|Any CPU
		{7875A996-54B0-473A-AFB6-893EF2B02463}.Debug|Any CPU.ActiveCfg = Debug|Any CPU
		{7875A996-54B0-473A-AFB6-893EF2B02463}.Debug|Any CPU.Build.0 = Debug|Any CPU
		{7875A996-54B0-473A-AFB6-893EF2B02463}.Release|Any CPU.ActiveCfg = Release|Any CPU
		{7875A996-54B0-473A-AFB6-893EF2B02463}.Release|Any CPU.Build.0 = Release|Any CPU
	EndGlobalSection
	GlobalSection(SolutionProperties) = preSolution
		HideSolutionNode = FALSE
	EndGlobalSection
	GlobalSection(NestedProjects) = preSolution
		{1E185776-4735-45DE-91D3-5C7598F3163E} = {AFD8E592-8E24-4442-98E6-E105850659CE}
		{C476AD2F-5A76-44A4-B40C-507BF1A216E5} = {AFD8E592-8E24-4442-98E6-E105850659CE}
		{96A70A65-6EA7-448F-AF51-620BB9145F67} = {B8943705-69CD-4A40-9DB4-EBCE30BC7478}
		{0441EC2C-04DF-4532-A2EC-35A92D955B9A} = {B8943705-69CD-4A40-9DB4-EBCE30BC7478}
		{7875A996-54B0-473A-AFB6-893EF2B02463} = {AFD8E592-8E24-4442-98E6-E105850659CE}
	EndGlobalSection
	GlobalSection(ExtensibilityGlobals) = postSolution
		SolutionGuid = {BBD0CEF3-CBA5-4E52-A5C2-8C2D48A7CFCA}
	EndGlobalSection
EndGlobal
